Microsoft Visual Studio Solution File, Format Version 12.00
# Visual Studio Version 17
VisualStudioVersion = 17.5.2.0
MinimumVisualStudioVersion = 10.0.40219.1
Project("{FAE04EC0-301F-11D3-BF4B-00C04F79EFBC}") = "ProductGraphQL", "ProductGraphQL.csproj", "{02D23FF3-C6FF-9193-62B2-0010461A9B43}"
EndProject
Global
	GlobalSection(SolutionConfigurationPlatforms) = preSolution
		Debug|Any CPU = Debug|Any CPU
		Release|Any CPU = Release|Any CPU
	EndGlobalSection
	GlobalSection(ProjectConfigurationPlatforms) = postSolution
		{02D23FF3-C6FF-9193-62B2-0010461A9B43}.Debug|Any CPU.ActiveCfg = Debug|Any CPU
		{02D23FF3-C6FF-9193-62B2-0010461A9B43}.Debug|Any CPU.Build.0 = Debug|Any CPU
		{02D23FF3-C6FF-9193-62B2-0010461A9B43}.Release|Any CPU.ActiveCfg = Release|Any CPU
		{02D23FF3-C6FF-9193-62B2-0010461A9B43}.Release|Any CPU.Build.0 = Release|Any CPU
	EndGlobalSection
	GlobalSection(SolutionProperties) = preSolution
		HideSolutionNode = FALSE
	EndGlobalSection
	GlobalSection(ExtensibilityGlobals) = postSolution
		SolutionGuid = {3380A354-1D4A-4891-B822-D148F1855BB8}
	EndGlobalSection
EndGlobal
